
Microsoft Visual Studio Solution File, Format Version 12.00
# Visual Studio Version 16
VisualStudioVersion = 16.0.29001.49
MinimumVisualStudioVersion = 10.0.40219.1
Project("{FAE04EC0-301F-11D3-BF4B-00C04F79EFBC}") = "RazorPages", "RazorPages\RazorPages.csproj", "{4D2EB1AC-655F-46F7-9FBE-BA3F6D4D1553}"
EndProject
Global
	GlobalSection(SolutionConfigurationPlatforms) = preSolution
		Debug|Any CPU = Debug|Any CPU
		Release|Any CPU = Release|Any CPU
	EndGlobalSection
	GlobalSection(ProjectConfigurationPlatforms) = postSolution
		{4D2EB1AC-655F-46F7-9FBE-BA3F6D4D1553}.Debug|Any CPU.ActiveCfg = Debug|Any CPU
		{4D2EB1AC-655F-46F7-9FBE-BA3F6D4D1553}.Debug|Any CPU.Build.0 = Debug|Any CPU
		{4D2EB1AC-655F-46F7-9FBE-BA3F6D4D1553}.Release|Any CPU.ActiveCfg = Release|Any CPU
		{4D2EB1AC-655F-46F7-9FBE-BA3F6D4D1553}.Release|Any CPU.Build.0 = Release|Any CPU
	EndGlobalSection
	GlobalSection(SolutionProperties) = preSolution
		HideSolutionNode = FALSE
	EndGlobalSection
	GlobalSection(ExtensibilityGlobals) = postSolution
		SolutionGuid = {E76AF8C5-D42A-4BE6-A355-3DAA433AC385}
	EndGlobalSection
EndGlobal
